
Microsoft Visual Studio Solution File, Format Version 12.00
# Visual Studio Version 17
VisualStudioVersion = 17.13.35825.156 d17.13
MinimumVisualStudioVersion = 10.0.40219.1
Project("{FAE04EC0-301F-11D3-BF4B-00C04F79EFBC}") = "ExamBot", "ExamBot\ExamBot.csproj", "{6DAC5929-8294-4F84-8674-7BA143D5C828}"
EndProject
Project("{FAE04EC0-301F-11D3-BF4B-00C04F79EFBC}") = "ExamBot.Dal", "ExamBot.Dal\ExamBot.Dal.csproj", "{6E1A3DBC-76A2-43AF-B042-142212AD91EE}"
EndProject
Project("{FAE04EC0-301F-11D3-BF4B-00C04F79EFBC}") = "ExamBot.Bll", "ExamBot.Bll\ExamBot.Bll.csproj", "{21C55979-CCE5-4589-A179-033ED5F7C440}"
EndProject
Global
	GlobalSection(SolutionConfigurationPlatforms) = preSolution
		Debug|Any CPU = Debug|Any CPU
		Release|Any CPU = Release|Any CPU
	EndGlobalSection
	GlobalSection(ProjectConfigurationPlatforms) = postSolution
		{6DAC5929-8294-4F84-8674-7BA143D5C828}.Debug|Any CPU.ActiveCfg = Debug|Any CPU
		{6DAC5929-8294-4F84-8674-7BA143D5C828}.Debug|Any CPU.Build.0 = Debug|Any CPU
		{6DAC5929-8294-4F84-8674-7BA143D5C828}.Release|Any CPU.ActiveCfg = Release|Any CPU
		{6DAC5929-8294-4F84-8674-7BA143D5C828}.Release|Any CPU.Build.0 = Release|Any CPU
		{6E1A3DBC-76A2-43AF-B042-142212AD91EE}.Debug|Any CPU.ActiveCfg = Debug|Any CPU
		{6E1A3DBC-76A2-43AF-B042-142212AD91EE}.Debug|Any CPU.Build.0 = Debug|Any CPU
		{6E1A3DBC-76A2-43AF-B042-142212AD91EE}.Release|Any CPU.ActiveCfg = Release|Any CPU
		{6E1A3DBC-76A2-43AF-B042-142212AD91EE}.Release|Any CPU.Build.0 = Release|Any CPU
		{21C55979-CCE5-4589-A179-033ED5F7C440}.Debug|Any CPU.ActiveCfg = Debug|Any CPU
		{21C55979-CCE5-4589-A179-033ED5F7C440}.Debug|Any CPU.Build.0 = Debug|Any CPU
		{21C55979-CCE5-4589-A179-033ED5F7C440}.Release|Any CPU.ActiveCfg = Release|Any CPU
		{21C55979-CCE5-4589-A179-033ED5F7C440}.Release|Any CPU.Build.0 = Release|Any CPU
	EndGlobalSection
	GlobalSection(SolutionProperties) = preSolution
		HideSolutionNode = FALSE
	EndGlobalSection
	GlobalSection(ExtensibilityGlobals) = postSolution
		SolutionGuid = {EC1838E0-FBA3-4682-A6BA-451A49A72FD3}
	EndGlobalSection
EndGlobal
